// !$*UTF8*$!
{
	archiveVersion = 1;
	classes = {
	};
	objectVersion = 50;
	objects = {

/* Begin PBXBuildFile section */
		502457E5264ED1080060500D /* main.cpp in Sources */ = {isa = PBXBuildFile; fileRef = 504800352625D95C001E89DA /* main.cpp */; };
		502457E6264ED1160060500D /* test.cpp in Sources */ = {isa = PBXBuildFile; fileRef = 50DA881F2625D79600F40149 /* test.cpp */; };
		502457E7264ED11E0060500D /* test.cpp in Sources */ = {isa = PBXBuildFile; fileRef = 502457C4264ECFA20060500D /* test.cpp */; };
		502457E8264ED1320060500D /* container.cpp in Sources */ = {isa = PBXBuildFile; fileRef = 502457C7264ECFA20060500D /* container.cpp */; };
		502457E9264ED1460060500D /* simpletest.cpp in Sources */ = {isa = PBXBuildFile; fileRef = 502457BE264ECFA20060500D /* simpletest.cpp */; };
		502457EA264ED14A0060500D /* fulltest.cpp in Sources */ = {isa = PBXBuildFile; fileRef = 502457BD264ECFA20060500D /* fulltest.cpp */; };
		502457EB264ED14E0060500D /* simpletest.cpp in Sources */ = {isa = PBXBuildFile; fileRef = 502457BA264ECFA20060500D /* simpletest.cpp */; };
		502457EC264ED1510060500D /* fulltest.cpp in Sources */ = {isa = PBXBuildFile; fileRef = 502457B9264ECFA20060500D /* fulltest.cpp */; };
		502457ED264ED1580060500D /* simpletest.cpp in Sources */ = {isa = PBXBuildFile; fileRef = 502457CD264ECFA20060500D /* simpletest.cpp */; };
		502457EE264ED15E0060500D /* fulltest.cpp in Sources */ = {isa = PBXBuildFile; fileRef = 502457CC264ECFA20060500D /* fulltest.cpp */; };
		504DA40926502BA600765507 /* simpletest.cpp in Sources */ = {isa = PBXBuildFile; fileRef = 502457C2264ECFA20060500D /* simpletest.cpp */; };
		504DA40A26502BAA00765507 /* fulltest.cpp in Sources */ = {isa = PBXBuildFile; fileRef = 502457C1264ECFA20060500D /* fulltest.cpp */; };
/* End PBXBuildFile section */

/* Begin PBXCopyFilesBuildPhase section */
		50DA87B32625D3AB00F40149 /* CopyFiles */ = {
			isa = PBXCopyFilesBuildPhase;
			buildActionMask = 2147483647;
			dstPath = /usr/share/man/man1/;
			dstSubfolderSpec = 0;
			files = (
			);
			runOnlyForDeploymentPostprocessing = 1;
		};
/* End PBXCopyFilesBuildPhase section */

/* Begin PBXFileReference section */
		502457B4264ECF920060500D /* bst.cpp */ = {isa = PBXFileReference; fileEncoding = 4; lastKnownFileType = sourcecode.cpp.cpp; path = bst.cpp; sourceTree = "<group>"; };
		502457B5264ECF920060500D /* bst.hpp */ = {isa = PBXFileReference; fileEncoding = 4; lastKnownFileType = sourcecode.cpp.h; path = bst.hpp; sourceTree = "<group>"; };
		502457B9264ECFA20060500D /* fulltest.cpp */ = {isa = PBXFileReference; fileEncoding = 4; lastKnownFileType = sourcecode.cpp.cpp; path = fulltest.cpp; sourceTree = "<group>"; };
		502457BA264ECFA20060500D /* simpletest.cpp */ = {isa = PBXFileReference; fileEncoding = 4; lastKnownFileType = sourcecode.cpp.cpp; path = simpletest.cpp; sourceTree = "<group>"; };
		502457BB264ECFA20060500D /* test.hpp */ = {isa = PBXFileReference; fileEncoding = 4; lastKnownFileType = sourcecode.cpp.h; path = test.hpp; sourceTree = "<group>"; };
		502457BD264ECFA20060500D /* fulltest.cpp */ = {isa = PBXFileReference; fileEncoding = 4; lastKnownFileType = sourcecode.cpp.cpp; path = fulltest.cpp; sourceTree = "<group>"; };
		502457BE264ECFA20060500D /* simpletest.cpp */ = {isa = PBXFileReference; fileEncoding = 4; lastKnownFileType = sourcecode.cpp.cpp; path = simpletest.cpp; sourceTree = "<group>"; };
		502457BF264ECFA20060500D /* test.hpp */ = {isa = PBXFileReference; fileEncoding = 4; lastKnownFileType = sourcecode.cpp.h; path = test.hpp; sourceTree = "<group>"; };
		502457C1264ECFA20060500D /* fulltest.cpp */ = {isa = PBXFileReference; fileEncoding = 4; lastKnownFileType = sourcecode.cpp.cpp; path = fulltest.cpp; sourceTree = "<group>"; };
		502457C2264ECFA20060500D /* simpletest.cpp */ = {isa = PBXFileReference; fileEncoding = 4; lastKnownFileType = sourcecode.cpp.cpp; path = simpletest.cpp; sourceTree = "<group>"; };
		502457C3264ECFA20060500D /* test.hpp */ = {isa = PBXFileReference; fileEncoding = 4; lastKnownFileType = sourcecode.cpp.h; path = test.hpp; sourceTree = "<group>"; };
		502457C4264ECFA20060500D /* test.cpp */ = {isa = PBXFileReference; fileEncoding = 4; lastKnownFileType = sourcecode.cpp.cpp; path = test.cpp; sourceTree = "<group>"; };
		502457C6264ECFA20060500D /* container.hpp */ = {isa = PBXFileReference; fileEncoding = 4; lastKnownFileType = sourcecode.cpp.h; path = container.hpp; sourceTree = "<group>"; };
		502457C7264ECFA20060500D /* container.cpp */ = {isa = PBXFileReference; fileEncoding = 4; lastKnownFileType = sourcecode.cpp.cpp; path = container.cpp; sourceTree = "<group>"; };
		502457C9264ECFA20060500D /* iterator.hpp */ = {isa = PBXFileReference; fileEncoding = 4; lastKnownFileType = sourcecode.cpp.h; path = iterator.hpp; sourceTree = "<group>"; };
		502457CA264ECFA20060500D /* test.hpp */ = {isa = PBXFileReference; fileEncoding = 4; lastKnownFileType = sourcecode.cpp.h; path = test.hpp; sourceTree = "<group>"; };
		502457CC264ECFA20060500D /* fulltest.cpp */ = {isa = PBXFileReference; fileEncoding = 4; lastKnownFileType = sourcecode.cpp.cpp; path = fulltest.cpp; sourceTree = "<group>"; };
		502457CD264ECFA20060500D /* simpletest.cpp */ = {isa = PBXFileReference; fileEncoding = 4; lastKnownFileType = sourcecode.cpp.cpp; path = simpletest.cpp; sourceTree = "<group>"; };
		502457CE264ECFA20060500D /* test.hpp */ = {isa = PBXFileReference; fileEncoding = 4; lastKnownFileType = sourcecode.cpp.h; path = test.hpp; sourceTree = "<group>"; };
		502457D0264ECFA20060500D /* list.hpp */ = {isa = PBXFileReference; fileEncoding = 4; lastKnownFileType = sourcecode.cpp.h; path = list.hpp; sourceTree = "<group>"; };
		502457D2264ECFA20060500D /* queue.hpp */ = {isa = PBXFileReference; fileEncoding = 4; lastKnownFileType = sourcecode.cpp.h; path = queue.hpp; sourceTree = "<group>"; };
		502457D4264ECFA20060500D /* stack.hpp */ = {isa = PBXFileReference; fileEncoding = 4; lastKnownFileType = sourcecode.cpp.h; path = stack.hpp; sourceTree = "<group>"; };
		502457D6264ECFA20060500D /* binarytree.hpp */ = {isa = PBXFileReference; fileEncoding = 4; lastKnownFileType = sourcecode.cpp.h; path = binarytree.hpp; sourceTree = "<group>"; };
		502457D8264ECFA20060500D /* vector.hpp */ = {isa = PBXFileReference; fileEncoding = 4; lastKnownFileType = sourcecode.cpp.h; path = vector.hpp; sourceTree = "<group>"; };
		502457DA264ECFA20060500D /* bst.hpp */ = {isa = PBXFileReference; fileEncoding = 4; lastKnownFileType = sourcecode.cpp.h; path = bst.hpp; sourceTree = "<group>"; };
		504800352625D95C001E89DA /* main.cpp */ = {isa = PBXFileReference; fileEncoding = 4; lastKnownFileType = sourcecode.cpp.cpp; path = main.cpp; sourceTree = "<group>"; };
		50DA87B52625D3AB00F40149 /* lasd */ = {isa = PBXFileReference; explicitFileType = "compiled.mach-o.executable"; includeInIndex = 0; path = lasd; sourceTree = BUILT_PRODUCTS_DIR; };
		50DA881F2625D79600F40149 /* test.cpp */ = {isa = PBXFileReference; fileEncoding = 4; lastKnownFileType = sourcecode.cpp.cpp; path = test.cpp; sourceTree = "<group>"; };
		50DA88202625D79600F40149 /* test.hpp */ = {isa = PBXFileReference; fileEncoding = 4; lastKnownFileType = sourcecode.cpp.h; path = test.hpp; sourceTree = "<group>"; };
		50DA88232625D79600F40149 /* stackvec.hpp */ = {isa = PBXFileReference; fileEncoding = 4; lastKnownFileType = sourcecode.cpp.h; path = stackvec.hpp; sourceTree = "<group>"; };
		50DA88242625D79600F40149 /* stackvec.cpp */ = {isa = PBXFileReference; fileEncoding = 4; lastKnownFileType = sourcecode.cpp.cpp; path = stackvec.cpp; sourceTree = "<group>"; };
		50DA88252625D79600F40149 /* stack.hpp */ = {isa = PBXFileReference; fileEncoding = 4; lastKnownFileType = sourcecode.cpp.h; path = stack.hpp; sourceTree = "<group>"; };
		50DA88272625D79600F40149 /* stacklst.cpp */ = {isa = PBXFileReference; fileEncoding = 4; lastKnownFileType = sourcecode.cpp.cpp; path = stacklst.cpp; sourceTree = "<group>"; };
		50DA88282625D79600F40149 /* stacklst.hpp */ = {isa = PBXFileReference; fileEncoding = 4; lastKnownFileType = sourcecode.cpp.h; path = stacklst.hpp; sourceTree = "<group>"; };
		50DA882A2625D79600F40149 /* queue.hpp */ = {isa = PBXFileReference; fileEncoding = 4; lastKnownFileType = sourcecode.cpp.h; path = queue.hpp; sourceTree = "<group>"; };
		50DA882C2625D79600F40149 /* queuevec.cpp */ = {isa = PBXFileReference; fileEncoding = 4; lastKnownFileType = sourcecode.cpp.cpp; path = queuevec.cpp; sourceTree = "<group>"; };
		50DA882D2625D79600F40149 /* queuevec.hpp */ = {isa = PBXFileReference; fileEncoding = 4; lastKnownFileType = sourcecode.cpp.h; path = queuevec.hpp; sourceTree = "<group>"; };
		50DA882F2625D79600F40149 /* queuelst.hpp */ = {isa = PBXFileReference; fileEncoding = 4; lastKnownFileType = sourcecode.cpp.h; path = queuelst.hpp; sourceTree = "<group>"; };
		50DA88302625D79600F40149 /* queuelst.cpp */ = {isa = PBXFileReference; fileEncoding = 4; lastKnownFileType = sourcecode.cpp.cpp; path = queuelst.cpp; sourceTree = "<group>"; };
		50DA88322625D79600F40149 /* list.hpp */ = {isa = PBXFileReference; fileEncoding = 4; lastKnownFileType = sourcecode.cpp.h; path = list.hpp; sourceTree = "<group>"; };
		50DA88332625D79600F40149 /* list.cpp */ = {isa = PBXFileReference; fileEncoding = 4; lastKnownFileType = sourcecode.cpp.cpp; path = list.cpp; sourceTree = "<group>"; };
		50DA88352625D79600F40149 /* container.hpp */ = {isa = PBXFileReference; fileEncoding = 4; lastKnownFileType = sourcecode.cpp.h; path = container.hpp; sourceTree = "<group>"; };
		50DA88362625D79600F40149 /* container.cpp */ = {isa = PBXFileReference; fileEncoding = 4; lastKnownFileType = sourcecode.cpp.cpp; path = container.cpp; sourceTree = "<group>"; };
		50DA88382625D79600F40149 /* vector.hpp */ = {isa = PBXFileReference; fileEncoding = 4; lastKnownFileType = sourcecode.cpp.h; path = vector.hpp; sourceTree = "<group>"; };
		50DA88392625D79600F40149 /* vector.cpp */ = {isa = PBXFileReference; fileEncoding = 4; lastKnownFileType = sourcecode.cpp.cpp; path = vector.cpp; sourceTree = "<group>"; };
		50ECE3C52639875B008F87E6 /* binarytree.hpp */ = {isa = PBXFileReference; fileEncoding = 4; lastKnownFileType = sourcecode.cpp.h; path = binarytree.hpp; sourceTree = "<group>"; };
		50ECE3C72639875B008F87E6 /* binarytreevec.hpp */ = {isa = PBXFileReference; fileEncoding = 4; lastKnownFileType = sourcecode.cpp.h; path = binarytreevec.hpp; sourceTree = "<group>"; };
		50ECE3C82639875B008F87E6 /* binarytreevec.cpp */ = {isa = PBXFileReference; fileEncoding = 4; lastKnownFileType = sourcecode.cpp.cpp; path = binarytreevec.cpp; sourceTree = "<group>"; };
		50ECE3C92639875B008F87E6 /* binarytree.cpp */ = {isa = PBXFileReference; fileEncoding = 4; lastKnownFileType = sourcecode.cpp.cpp; path = binarytree.cpp; sourceTree = "<group>"; };
		50ECE3CB2639875B008F87E6 /* binarytreelnk.cpp */ = {isa = PBXFileReference; fileEncoding = 4; lastKnownFileType = sourcecode.cpp.cpp; path = binarytreelnk.cpp; sourceTree = "<group>"; };
		50ECE3CC2639875B008F87E6 /* binarytreelnk.hpp */ = {isa = PBXFileReference; fileEncoding = 4; lastKnownFileType = sourcecode.cpp.h; path = binarytreelnk.hpp; sourceTree = "<group>"; };
		50ECE3D226398765008F87E6 /* iterator.hpp */ = {isa = PBXFileReference; fileEncoding = 4; lastKnownFileType = sourcecode.cpp.h; path = iterator.hpp; sourceTree = "<group>"; };
/* End PBXFileReference section */

/* Begin PBXFrameworksBuildPhase section */
		50DA87B22625D3AB00F40149 /* Frameworks */ = {
			isa = PBXFrameworksBuildPhase;
			buildActionMask = 2147483647;
			files = (
			);
			runOnlyForDeploymentPostprocessing = 0;
		};
/* End PBXFrameworksBuildPhase section */

/* Begin PBXGroup section */
		502457B3264ECF920060500D /* bst */ = {
			isa = PBXGroup;
			children = (
				502457B4264ECF920060500D /* bst.cpp */,
				502457B5264ECF920060500D /* bst.hpp */,
			);
			path = bst;
			sourceTree = "<group>";
		};
		502457B7264ECFA20060500D /* zlasdtest */ = {
			isa = PBXGroup;
			children = (
				502457B8264ECFA20060500D /* exercise2 */,
				502457BC264ECFA20060500D /* exercise3 */,
				502457C0264ECFA20060500D /* exercise4 */,
				502457C4264ECFA20060500D /* test.cpp */,
				502457C5264ECFA20060500D /* container */,
				502457C8264ECFA20060500D /* iterator */,
				502457CA264ECFA20060500D /* test.hpp */,
				502457CB264ECFA20060500D /* exercise1 */,
				502457CF264ECFA20060500D /* list */,
				502457D1264ECFA20060500D /* queue */,
				502457D3264ECFA20060500D /* stack */,
				502457D5264ECFA20060500D /* binarytree */,
				502457D7264ECFA20060500D /* vector */,
				502457D9264ECFA20060500D /* bst */,
			);
			path = zlasdtest;
			sourceTree = "<group>";
		};
		502457B8264ECFA20060500D /* exercise2 */ = {
			isa = PBXGroup;
			children = (
				502457B9264ECFA20060500D /* fulltest.cpp */,
				502457BA264ECFA20060500D /* simpletest.cpp */,
				502457BB264ECFA20060500D /* test.hpp */,
			);
			path = exercise2;
			sourceTree = "<group>";
		};
		502457BC264ECFA20060500D /* exercise3 */ = {
			isa = PBXGroup;
			children = (
				502457BD264ECFA20060500D /* fulltest.cpp */,
				502457BE264ECFA20060500D /* simpletest.cpp */,
				502457BF264ECFA20060500D /* test.hpp */,
			);
			path = exercise3;
			sourceTree = "<group>";
		};
		502457C0264ECFA20060500D /* exercise4 */ = {
			isa = PBXGroup;
			children = (
				502457C1264ECFA20060500D /* fulltest.cpp */,
				502457C2264ECFA20060500D /* simpletest.cpp */,
				502457C3264ECFA20060500D /* test.hpp */,
			);
			path = exercise4;
			sourceTree = "<group>";
		};
		502457C5264ECFA20060500D /* container */ = {
			isa = PBXGroup;
			children = (
				502457C6264ECFA20060500D /* container.hpp */,
				502457C7264ECFA20060500D /* container.cpp */,
			);
			path = container;
			sourceTree = "<group>";
		};
		502457C8264ECFA20060500D /* iterator */ = {
			isa = PBXGroup;
			children = (
				502457C9264ECFA20060500D /* iterator.hpp */,
			);
			path = iterator;
			sourceTree = "<group>";
		};
		502457CB264ECFA20060500D /* exercise1 */ = {
			isa = PBXGroup;
			children = (
				502457CC264ECFA20060500D /* fulltest.cpp */,
				502457CD264ECFA20060500D /* simpletest.cpp */,
				502457CE264ECFA20060500D /* test.hpp */,
			);
			path = exercise1;
			sourceTree = "<group>";
		};
		502457CF264ECFA20060500D /* list */ = {
			isa = PBXGroup;
			children = (
				502457D0264ECFA20060500D /* list.hpp */,
			);
			path = list;
			sourceTree = "<group>";
		};
		502457D1264ECFA20060500D /* queue */ = {
			isa = PBXGroup;
			children = (
				502457D2264ECFA20060500D /* queue.hpp */,
			);
			path = queue;
			sourceTree = "<group>";
		};
		502457D3264ECFA20060500D /* stack */ = {
			isa = PBXGroup;
			children = (
				502457D4264ECFA20060500D /* stack.hpp */,
			);
			path = stack;
			sourceTree = "<group>";
		};
		502457D5264ECFA20060500D /* binarytree */ = {
			isa = PBXGroup;
			children = (
				502457D6264ECFA20060500D /* binarytree.hpp */,
			);
			path = binarytree;
			sourceTree = "<group>";
		};
		502457D7264ECFA20060500D /* vector */ = {
			isa = PBXGroup;
			children = (
				502457D8264ECFA20060500D /* vector.hpp */,
			);
			path = vector;
			sourceTree = "<group>";
		};
		502457D9264ECFA20060500D /* bst */ = {
			isa = PBXGroup;
			children = (
				502457DA264ECFA20060500D /* bst.hpp */,
			);
			path = bst;
			sourceTree = "<group>";
		};
		50DA87AC2625D3AB00F40149 = {
			isa = PBXGroup;
			children = (
				50DA87B72625D3AB00F40149 /* lasd */,
				50DA87B62625D3AB00F40149 /* Products */,
			);
			sourceTree = "<group>";
		};
		50DA87B62625D3AB00F40149 /* Products */ = {
			isa = PBXGroup;
			children = (
				50DA87B52625D3AB00F40149 /* lasd */,
			);
			name = Products;
			sourceTree = "<group>";
		};
		50DA87B72625D3AB00F40149 /* lasd */ = {
			isa = PBXGroup;
			children = (
				502457B7264ECFA20060500D /* zlasdtest */,
				502457B3264ECF920060500D /* bst */,
				50ECE3D126398765008F87E6 /* iterator */,
				50ECE3C42639875B008F87E6 /* binarytree */,
				504800352625D95C001E89DA /* main.cpp */,
				50DA88342625D79600F40149 /* container */,
				50DA88312625D79600F40149 /* list */,
				50DA88292625D79600F40149 /* queue */,
				50DA88212625D79600F40149 /* stack */,
				50DA88372625D79600F40149 /* vector */,
				50DA881E2625D79600F40149 /* zmytest */,
			);
			path = lasd;
			sourceTree = "<group>";
		};
		50DA881E2625D79600F40149 /* zmytest */ = {
			isa = PBXGroup;
			children = (
				50DA881F2625D79600F40149 /* test.cpp */,
				50DA88202625D79600F40149 /* test.hpp */,
			);
			path = zmytest;
			sourceTree = "<group>";
		};
		50DA88212625D79600F40149 /* stack */ = {
			isa = PBXGroup;
			children = (
				50DA88222625D79600F40149 /* vec */,
				50DA88252625D79600F40149 /* stack.hpp */,
				50DA88262625D79600F40149 /* lst */,
			);
			path = stack;
			sourceTree = "<group>";
		};
		50DA88222625D79600F40149 /* vec */ = {
			isa = PBXGroup;
			children = (
				50DA88232625D79600F40149 /* stackvec.hpp */,
				50DA88242625D79600F40149 /* stackvec.cpp */,
			);
			path = vec;
			sourceTree = "<group>";
		};
		50DA88262625D79600F40149 /* lst */ = {
			isa = PBXGroup;
			children = (
				50DA88272625D79600F40149 /* stacklst.cpp */,
				50DA88282625D79600F40149 /* stacklst.hpp */,
			);
			path = lst;
			sourceTree = "<group>";
		};
		50DA88292625D79600F40149 /* queue */ = {
			isa = PBXGroup;
			children = (
				50DA882A2625D79600F40149 /* queue.hpp */,
				50DA882B2625D79600F40149 /* vec */,
				50DA882E2625D79600F40149 /* lst */,
			);
			path = queue;
			sourceTree = "<group>";
		};
		50DA882B2625D79600F40149 /* vec */ = {
			isa = PBXGroup;
			children = (
				50DA882C2625D79600F40149 /* queuevec.cpp */,
				50DA882D2625D79600F40149 /* queuevec.hpp */,
			);
			path = vec;
			sourceTree = "<group>";
		};
		50DA882E2625D79600F40149 /* lst */ = {
			isa = PBXGroup;
			children = (
				50DA882F2625D79600F40149 /* queuelst.hpp */,
				50DA88302625D79600F40149 /* queuelst.cpp */,
			);
			path = lst;
			sourceTree = "<group>";
		};
		50DA88312625D79600F40149 /* list */ = {
			isa = PBXGroup;
			children = (
				50DA88322625D79600F40149 /* list.hpp */,
				50DA88332625D79600F40149 /* list.cpp */,
			);
			path = list;
			sourceTree = "<group>";
		};
		50DA88342625D79600F40149 /* container */ = {
			isa = PBXGroup;
			children = (
				50DA88352625D79600F40149 /* container.hpp */,
				50DA88362625D79600F40149 /* container.cpp */,
			);
			path = container;
			sourceTree = "<group>";
		};
		50DA88372625D79600F40149 /* vector */ = {
			isa = PBXGroup;
			children = (
				50DA88382625D79600F40149 /* vector.hpp */,
				50DA88392625D79600F40149 /* vector.cpp */,
			);
			path = vector;
			sourceTree = "<group>";
		};
		50ECE3C42639875B008F87E6 /* binarytree */ = {
			isa = PBXGroup;
			children = (
				50ECE3C52639875B008F87E6 /* binarytree.hpp */,
				50ECE3C62639875B008F87E6 /* vec */,
				50ECE3C92639875B008F87E6 /* binarytree.cpp */,
				50ECE3CA2639875B008F87E6 /* lnk */,
			);
			path = binarytree;
			sourceTree = "<group>";
		};
		50ECE3C62639875B008F87E6 /* vec */ = {
			isa = PBXGroup;
			children = (
				50ECE3C72639875B008F87E6 /* binarytreevec.hpp */,
				50ECE3C82639875B008F87E6 /* binarytreevec.cpp */,
			);
			path = vec;
			sourceTree = "<group>";
		};
		50ECE3CA2639875B008F87E6 /* lnk */ = {
			isa = PBXGroup;
			children = (
				50ECE3CB2639875B008F87E6 /* binarytreelnk.cpp */,
				50ECE3CC2639875B008F87E6 /* binarytreelnk.hpp */,
			);
			path = lnk;
			sourceTree = "<group>";
		};
		50ECE3D126398765008F87E6 /* iterator */ = {
			isa = PBXGroup;
			children = (
				50ECE3D226398765008F87E6 /* iterator.hpp */,
			);
			path = iterator;
			sourceTree = "<group>";
		};
/* End PBXGroup section */

/* Begin PBXNativeTarget section */
		50DA87B42625D3AB00F40149 /* lasd */ = {
			isa = PBXNativeTarget;
			buildConfigurationList = 50DA87BC2625D3AB00F40149 /* Build configuration list for PBXNativeTarget "lasd" */;
			buildPhases = (
				50DA87B12625D3AB00F40149 /* Sources */,
				50DA87B22625D3AB00F40149 /* Frameworks */,
				50DA87B32625D3AB00F40149 /* CopyFiles */,
			);
			buildRules = (
			);
			dependencies = (
			);
			name = lasd;
			productName = lasd;
			productReference = 50DA87B52625D3AB00F40149 /* lasd */;
			productType = "com.apple.product-type.tool";
		};
/* End PBXNativeTarget section */

/* Begin PBXProject section */
		50DA87AD2625D3AB00F40149 /* Project object */ = {
			isa = PBXProject;
			attributes = {
				LastUpgradeCheck = 1240;
				TargetAttributes = {
					50DA87B42625D3AB00F40149 = {
						CreatedOnToolsVersion = 12.4;
					};
				};
			};
			buildConfigurationList = 50DA87B02625D3AB00F40149 /* Build configuration list for PBXProject "lasd" */;
			compatibilityVersion = "Xcode 9.3";
			developmentRegion = en;
			hasScannedForEncodings = 0;
			knownRegions = (
				en,
				Base,
			);
			mainGroup = 50DA87AC2625D3AB00F40149;
			productRefGroup = 50DA87B62625D3AB00F40149 /* Products */;
			projectDirPath = "";
			projectRoot = "";
			targets = (
				50DA87B42625D3AB00F40149 /* lasd */,
			);
		};
/* End PBXProject section */

/* Begin PBXSourcesBuildPhase section */
		50DA87B12625D3AB00F40149 /* Sources */ = {
			isa = PBXSourcesBuildPhase;
			buildActionMask = 2147483647;
			files = (
				502457ED264ED1580060500D /* simpletest.cpp in Sources */,
				502457EE264ED15E0060500D /* fulltest.cpp in Sources */,
				502457EB264ED14E0060500D /* simpletest.cpp in Sources */,
				502457EC264ED1510060500D /* fulltest.cpp in Sources */,
				502457E9264ED1460060500D /* simpletest.cpp in Sources */,
				502457EA264ED14A0060500D /* fulltest.cpp in Sources */,
				504DA40926502BA600765507 /* simpletest.cpp in Sources */,
				504DA40A26502BAA00765507 /* fulltest.cpp in Sources */,
				502457E8264ED1320060500D /* container.cpp in Sources */,
				502457E7264ED11E0060500D /* test.cpp in Sources */,
				502457E6264ED1160060500D /* test.cpp in Sources */,
				502457E5264ED1080060500D /* main.cpp in Sources */,
			);
			runOnlyForDeploymentPostprocessing = 0;
		};
/* End PBXSourcesBuildPhase section */

/* Begin XCBuildConfiguration section */
		50DA87BA2625D3AB00F40149 /* Debug */ = {
			isa = XCBuildConfiguration;
			buildSettings = {
				ALWAYS_SEARCH_USER_PATHS = NO;
				CLANG_ANALYZER_NONNULL = YES;
				CLANG_ANALYZER_NUMBER_OBJECT_CONVERSION = YES_AGGRESSIVE;
				CLANG_CXX_LANGUAGE_STANDARD = "gnu++14";
				CLANG_CXX_LIBRARY = "libc++";
				CLANG_ENABLE_MODULES = YES;
				CLANG_ENABLE_OBJC_ARC = YES;
				CLANG_ENABLE_OBJC_WEAK = YES;
				CLANG_WARN_BLOCK_CAPTURE_AUTORELEASING = YES;
				CLANG_WARN_BOOL_CONVERSION = YES;
				CLANG_WARN_COMMA = YES;
				CLANG_WARN_CONSTANT_CONVERSION = YES;
				CLANG_WARN_DEPRECATED_OBJC_IMPLEMENTATIONS = YES;
				CLANG_WARN_DIRECT_OBJC_ISA_USAGE = YES_ERROR;
				CLANG_WARN_DOCUMENTATION_COMMENTS = YES;
				CLANG_WARN_EMPTY_BODY = YES;
				CLANG_WARN_ENUM_CONVERSION = YES;
				CLANG_WARN_INFINITE_RECURSION = YES;
				CLANG_WARN_INT_CONVERSION = YES;
				CLANG_WARN_NON_LITERAL_NULL_CONVERSION = YES;
				CLANG_WARN_OBJC_IMPLICIT_RETAIN_SELF = YES;
				CLANG_WARN_OBJC_LITERAL_CONVERSION = YES;
				CLANG_WARN_OBJC_ROOT_CLASS = YES_ERROR;
				CLANG_WARN_QUOTED_INCLUDE_IN_FRAMEWORK_HEADER = YES;
				CLANG_WARN_RANGE_LOOP_ANALYSIS = YES;
				CLANG_WARN_STRICT_PROTOTYPES = YES;
				CLANG_WARN_SUSPICIOUS_MOVE = YES;
				CLANG_WARN_UNGUARDED_AVAILABILITY = YES_AGGRESSIVE;
				CLANG_WARN_UNREACHABLE_CODE = YES;
				CLANG_WARN__DUPLICATE_METHOD_MATCH = YES;
				COPY_PHASE_STRIP = NO;
				DEBUG_INFORMATION_FORMAT = dwarf;
				ENABLE_STRICT_OBJC_MSGSEND = YES;
				ENABLE_TESTABILITY = YES;
				GCC_C_LANGUAGE_STANDARD = gnu11;
				GCC_DYNAMIC_NO_PIC = NO;
				GCC_NO_COMMON_BLOCKS = YES;
				GCC_OPTIMIZATION_LEVEL = 0;
				GCC_PREPROCESSOR_DEFINITIONS = (
					"DEBUG=1",
					"$(inherited)",
				);
				GCC_WARN_64_TO_32_BIT_CONVERSION = YES;
				GCC_WARN_ABOUT_RETURN_TYPE = YES_ERROR;
				GCC_WARN_UNDECLARED_SELECTOR = YES;
				GCC_WARN_UNINITIALIZED_AUTOS = YES_AGGRESSIVE;
				GCC_WARN_UNUSED_FUNCTION = YES;
				GCC_WARN_UNUSED_VARIABLE = YES;
				MACOSX_DEPLOYMENT_TARGET = 11.1;
				MTL_ENABLE_DEBUG_INFO = INCLUDE_SOURCE;
				MTL_FAST_MATH = YES;
				ONLY_ACTIVE_ARCH = YES;
				SDKROOT = macosx;
			};
			name = Debug;
		};
		50DA87BB2625D3AB00F40149 /* Release */ = {
			isa = XCBuildConfiguration;
			buildSettings = {
				ALWAYS_SEARCH_USER_PATHS = NO;
				CLANG_ANALYZER_NONNULL = YES;
				CLANG_ANALYZER_NUMBER_OBJECT_CONVERSION = YES_AGGRESSIVE;
				CLANG_CXX_LANGUAGE_STANDARD = "gnu++14";
				CLANG_CXX_LIBRARY = "libc++";
				CLANG_ENABLE_MODULES = YES;
				CLANG_ENABLE_OBJC_ARC = YES;
				CLANG_ENABLE_OBJC_WEAK = YES;
				CLANG_WARN_BLOCK_CAPTURE_AUTORELEASING = YES;
				CLANG_WARN_BOOL_CONVERSION = YES;
				CLANG_WARN_COMMA = YES;
				CLANG_WARN_CONSTANT_CONVERSION = YES;
				CLANG_WARN_DEPRECATED_OBJC_IMPLEMENTATIONS = YES;
				CLANG_WARN_DIRECT_OBJC_ISA_USAGE = YES_ERROR;
				CLANG_WARN_DOCUMENTATION_COMMENTS = YES;
				CLANG_WARN_EMPTY_BODY = YES;
				CLANG_WARN_ENUM_CONVERSION = YES;
				CLANG_WARN_INFINITE_RECURSION = YES;
				CLANG_WARN_INT_CONVERSION = YES;
				CLANG_WARN_NON_LITERAL_NULL_CONVERSION = YES;
				CLANG_WARN_OBJC_IMPLICIT_RETAIN_SELF = YES;
				CLANG_WARN_OBJC_LITERAL_CONVERSION = YES;
				CLANG_WARN_OBJC_ROOT_CLASS = YES_ERROR;
				CLANG_WARN_QUOTED_INCLUDE_IN_FRAMEWORK_HEADER = YES;
				CLANG_WARN_RANGE_LOOP_ANALYSIS = YES;
				CLANG_WARN_STRICT_PROTOTYPES = YES;
				CLANG_WARN_SUSPICIOUS_MOVE = YES;
				CLANG_WARN_UNGUARDED_AVAILABILITY = YES_AGGRESSIVE;
				CLANG_WARN_UNREACHABLE_CODE = YES;
				CLANG_WARN__DUPLICATE_METHOD_MATCH = YES;
				COPY_PHASE_STRIP = NO;
				DEBUG_INFORMATION_FORMAT = "dwarf-with-dsym";
				ENABLE_NS_ASSERTIONS = NO;
				ENABLE_STRICT_OBJC_MSGSEND = YES;
				GCC_C_LANGUAGE_STANDARD = gnu11;
				GCC_NO_COMMON_BLOCKS = YES;
				GCC_WARN_64_TO_32_BIT_CONVERSION = YES;
				GCC_WARN_ABOUT_RETURN_TYPE = YES_ERROR;
				GCC_WARN_UNDECLARED_SELECTOR = YES;
				GCC_WARN_UNINITIALIZED_AUTOS = YES_AGGRESSIVE;
				GCC_WARN_UNUSED_FUNCTION = YES;
				GCC_WARN_UNUSED_VARIABLE = YES;
				MACOSX_DEPLOYMENT_TARGET = 11.1;
				MTL_ENABLE_DEBUG_INFO = NO;
				MTL_FAST_MATH = YES;
				SDKROOT = macosx;
			};
			name = Release;
		};
		50DA87BD2625D3AB00F40149 /* Debug */ = {
			isa = XCBuildConfiguration;
			buildSettings = {
				CODE_SIGN_STYLE = Automatic;
				PRODUCT_NAME = "$(TARGET_NAME)";
			};
			name = Debug;
		};
		50DA87BE2625D3AB00F40149 /* Release */ = {
			isa = XCBuildConfiguration;
			buildSettings = {
				CODE_SIGN_STYLE = Automatic;
				PRODUCT_NAME = "$(TARGET_NAME)";
			};
			name = Release;
		};
/* End XCBuildConfiguration section */

/* Begin XCConfigurationList section */
		50DA87B02625D3AB00F40149 /* Build configuration list for PBXProject "lasd" */ = {
			isa = XCConfigurationList;
			buildConfigurations = (
				50DA87BA2625D3AB00F40149 /* Debug */,
				50DA87BB2625D3AB00F40149 /* Release */,
			);
			defaultConfigurationIsVisible = 0;
			defaultConfigurationName = Release;
		};
		50DA87BC2625D3AB00F40149 /* Build configuration list for PBXNativeTarget "lasd" */ = {
			isa = XCConfigurationList;
			buildConfigurations = (
				50DA87BD2625D3AB00F40149 /* Debug */,
				50DA87BE2625D3AB00F40149 /* Release */,
			);
			defaultConfigurationIsVisible = 0;
			defaultConfigurationName = Release;
		};
/* End XCConfigurationList section */
	};
	rootObject = 50DA87AD2625D3AB00F40149 /* Project object */;
}
